
Microsoft Visual Studio Solution File, Format Version 12.00
# Visual Studio 15
Project("{FAE04EC0-301F-11D3-BF4B-00C04F79EFBC}") = "Assembly-CSharp", "Assembly-CSharp.csproj", "{EF29827E-EE68-7FF0-E823-9F058FB1B536}"
EndProject
Project("{FAE04EC0-301F-11D3-BF4B-00C04F79EFBC}") = "PhotonUnityNetworking.Demos", "PhotonUnityNetworking.Demos.csproj", "{E36B1F2A-3560-EB19-14F2-0E755BF22B98}"
EndProject
Project("{FAE04EC0-301F-11D3-BF4B-00C04F79EFBC}") = "PhotonUnityNetworking.Utilities", "PhotonUnityNetworking.Utilities.csproj", "{6963B3E7-115A-5921-D229-8910CBAA6B62}"
EndProject
Project("{FAE04EC0-301F-11D3-BF4B-00C04F79EFBC}") = "SteamVR", "SteamVR.csproj", "{978CD436-E1CD-5337-8B91-739841EE7C75}"
EndProject
Project("{FAE04EC0-301F-11D3-BF4B-00C04F79EFBC}") = "PhotonVoice.API", "PhotonVoice.API.csproj", "{661AE988-E0E0-3969-89EB-767CF613D6D6}"
EndProject
Project("{FAE04EC0-301F-11D3-BF4B-00C04F79EFBC}") = "SteamVR_Actions", "SteamVR_Actions.csproj", "{F5477605-A1E2-FCC4-7219-E66D0FF578E4}"
EndProject
Project("{FAE04EC0-301F-11D3-BF4B-00C04F79EFBC}") = "PhotonChat", "PhotonChat.csproj", "{3DAD5033-7125-E8E9-CC17-4EDBB1DE66D7}"
EndProject
Project("{FAE04EC0-301F-11D3-BF4B-00C04F79EFBC}") = "PhotonUnityNetworking", "PhotonUnityNetworking.csproj", "{2CFAEEE3-6854-0313-3DC5-E7A9F5B1A71E}"
EndProject
Project("{FAE04EC0-301F-11D3-BF4B-00C04F79EFBC}") = "PhotonRealtime", "PhotonRealtime.csproj", "{E2B62909-3597-2CB9-8AB5-627969EBE1BB}"
EndProject
Project("{FAE04EC0-301F-11D3-BF4B-00C04F79EFBC}") = "PhotonVoice", "PhotonVoice.csproj", "{F31AC2D8-2736-E9FA-D220-1F72C75B80B9}"
EndProject
Project("{FAE04EC0-301F-11D3-BF4B-00C04F79EFBC}") = "PhotonWebSocket", "PhotonWebSocket.csproj", "{66874634-51A9-7849-8F2A-522F56D2BDF8}"
EndProject
Project("{FAE04EC0-301F-11D3-BF4B-00C04F79EFBC}") = "PhotonVoice.PUN", "PhotonVoice.PUN.csproj", "{6A4AD664-C376-198B-A81C-847B0296DE0B}"
EndProject
Project("{FAE04EC0-301F-11D3-BF4B-00C04F79EFBC}") = "Assembly-CSharp-Editor", "Assembly-CSharp-Editor.csproj", "{09A720CC-B9F9-17F9-CA15-3EBE95347255}"
EndProject
Project("{FAE04EC0-301F-11D3-BF4B-00C04F79EFBC}") = "SteamVR_Editor", "SteamVR_Editor.csproj", "{2DC70D1B-36B5-336D-CC2A-E848A09185FC}"
EndProject
Project("{FAE04EC0-301F-11D3-BF4B-00C04F79EFBC}") = "PhotonVoice.Editor", "PhotonVoice.Editor.csproj", "{80BF80C8-9D74-C37A-3D68-382FDD7C8B19}"
EndProject
Project("{FAE04EC0-301F-11D3-BF4B-00C04F79EFBC}") = "SteamVR_Input_Editor", "SteamVR_Input_Editor.csproj", "{E0D6013B-8A69-AA83-52FF-F63F17D4FE27}"
EndProject
Project("{FAE04EC0-301F-11D3-BF4B-00C04F79EFBC}") = "PhotonUnityNetworking.Editor", "PhotonUnityNetworking.Editor.csproj", "{687402EE-EE18-D2C1-241A-34D007DBF9A9}"
EndProject
Project("{FAE04EC0-301F-11D3-BF4B-00C04F79EFBC}") = "PhotonVoice.Utilities.Editor", "PhotonVoice.Utilities.Editor.csproj", "{339A60A7-DAD3-285D-7A7D-4670AA751343}"
EndProject
Project("{FAE04EC0-301F-11D3-BF4B-00C04F79EFBC}") = "PunDemos.DemoHubEditor", "PunDemos.DemoHubEditor.csproj", "{875AFCC7-BEA5-402B-6D1E-4E0F66F727CC}"
EndProject
Project("{FAE04EC0-301F-11D3-BF4B-00C04F79EFBC}") = "PhotonUnityNetworking.Utilities.PhotonPlayer.Editor", "PhotonUnityNetworking.Utilities.PhotonPlayer.Editor.csproj", "{2025EDA2-CA9A-E53D-1F0D-5A36BB690B52}"
EndProject
Project("{FAE04EC0-301F-11D3-BF4B-00C04F79EFBC}") = "PhotonUnityNetworking.Utilities.Culling.Editor", "PhotonUnityNetworking.Utilities.Culling.Editor.csproj", "{F837B183-777B-3C23-12BB-B15ED1910CA3}"
EndProject
Project("{FAE04EC0-301F-11D3-BF4B-00C04F79EFBC}") = "PunDemos.DemoSlotcarEditor", "PunDemos.DemoSlotcarEditor.csproj", "{F703A155-1C0F-0159-2E5E-E1750CBB8140}"
EndProject
Project("{FAE04EC0-301F-11D3-BF4B-00C04F79EFBC}") = "PhotonVoice.PUN.Editor", "PhotonVoice.PUN.Editor.csproj", "{11AA5596-B348-C3E8-2647-2FF86D1AE3C3}"
EndProject
Project("{FAE04EC0-301F-11D3-BF4B-00C04F79EFBC}") = "SteamVR_Windows_EditorHelper", "SteamVR_Windows_EditorHelper.csproj", "{B2A49A8A-4B9F-E16B-03EC-399818850D83}"
EndProject
Global
	GlobalSection(SolutionConfigurationPlatforms) = preSolution
		Debug|Any CPU = Debug|Any CPU
		Release|Any CPU = Release|Any CPU
	EndGlobalSection
	GlobalSection(ProjectConfigurationPlatforms) = postSolution
		{EF29827E-EE68-7FF0-E823-9F058FB1B536}.Debug|Any CPU.ActiveCfg = Debug|Any CPU
		{EF29827E-EE68-7FF0-E823-9F058FB1B536}.Debug|Any CPU.Build.0 = Debug|Any CPU
		{EF29827E-EE68-7FF0-E823-9F058FB1B536}.Release|Any CPU.ActiveCfg = Release|Any CPU
		{EF29827E-EE68-7FF0-E823-9F058FB1B536}.Release|Any CPU.Build.0 = Release|Any CPU
		{E36B1F2A-3560-EB19-14F2-0E755BF22B98}.Debug|Any CPU.ActiveCfg = Debug|Any CPU
		{E36B1F2A-3560-EB19-14F2-0E755BF22B98}.Debug|Any CPU.Build.0 = Debug|Any CPU
		{E36B1F2A-3560-EB19-14F2-0E755BF22B98}.Release|Any CPU.ActiveCfg = Release|Any CPU
		{E36B1F2A-3560-EB19-14F2-0E755BF22B98}.Release|Any CPU.Build.0 = Release|Any CPU
		{6963B3E7-115A-5921-D229-8910CBAA6B62}.Debug|Any CPU.ActiveCfg = Debug|Any CPU
		{6963B3E7-115A-5921-D229-8910CBAA6B62}.Debug|Any CPU.Build.0 = Debug|Any CPU
		{6963B3E7-115A-5921-D229-8910CBAA6B62}.Release|Any CPU.ActiveCfg = Release|Any CPU
		{6963B3E7-115A-5921-D229-8910CBAA6B62}.Release|Any CPU.Build.0 = Release|Any CPU
		{978CD436-E1CD-5337-8B91-739841EE7C75}.Debug|Any CPU.ActiveCfg = Debug|Any CPU
		{978CD436-E1CD-5337-8B91-739841EE7C75}.Debug|Any CPU.Build.0 = Debug|Any CPU
		{978CD436-E1CD-5337-8B91-739841EE7C75}.Release|Any CPU.ActiveCfg = Release|Any CPU
		{978CD436-E1CD-5337-8B91-739841EE7C75}.Release|Any CPU.Build.0 = Release|Any CPU
		{661AE988-E0E0-3969-89EB-767CF613D6D6}.Debug|Any CPU.ActiveCfg = Debug|Any CPU
		{661AE988-E0E0-3969-89EB-767CF613D6D6}.Debug|Any CPU.Build.0 = Debug|Any CPU
		{661AE988-E0E0-3969-89EB-767CF613D6D6}.Release|Any CPU.ActiveCfg = Release|Any CPU
		{661AE988-E0E0-3969-89EB-767CF613D6D6}.Release|Any CPU.Build.0 = Release|Any CPU
		{F5477605-A1E2-FCC4-7219-E66D0FF578E4}.Debug|Any CPU.ActiveCfg = Debug|Any CPU
		{F5477605-A1E2-FCC4-7219-E66D0FF578E4}.Debug|Any CPU.Build.0 = Debug|Any CPU
		{F5477605-A1E2-FCC4-7219-E66D0FF578E4}.Release|Any CPU.ActiveCfg = Release|Any CPU
		{F5477605-A1E2-FCC4-7219-E66D0FF578E4}.Release|Any CPU.Build.0 = Release|Any CPU
		{3DAD5033-7125-E8E9-CC17-4EDBB1DE66D7}.Debug|Any CPU.ActiveCfg = Debug|Any CPU
		{3DAD5033-7125-E8E9-CC17-4EDBB1DE66D7}.Debug|Any CPU.Build.0 = Debug|Any CPU
		{3DAD5033-7125-E8E9-CC17-4EDBB1DE66D7}.Release|Any CPU.ActiveCfg = Release|Any CPU
		{3DAD5033-7125-E8E9-CC17-4EDBB1DE66D7}.Release|Any CPU.Build.0 = Release|Any CPU
		{2CFAEEE3-6854-0313-3DC5-E7A9F5B1A71E}.Debug|Any CPU.ActiveCfg = Debug|Any CPU
		{2CFAEEE3-6854-0313-3DC5-E7A9F5B1A71E}.Debug|Any CPU.Build.0 = Debug|Any CPU
		{2CFAEEE3-6854-0313-3DC5-E7A9F5B1A71E}.Release|Any CPU.ActiveCfg = Release|Any CPU
		{2CFAEEE3-6854-0313-3DC5-E7A9F5B1A71E}.Release|Any CPU.Build.0 = Release|Any CPU
		{E2B62909-3597-2CB9-8AB5-627969EBE1BB}.Debug|Any CPU.ActiveCfg = Debug|Any CPU
		{E2B62909-3597-2CB9-8AB5-627969EBE1BB}.Debug|Any CPU.Build.0 = Debug|Any CPU
		{E2B62909-3597-2CB9-8AB5-627969EBE1BB}.Release|Any CPU.ActiveCfg = Release|Any CPU
		{E2B62909-3597-2CB9-8AB5-627969EBE1BB}.Release|Any CPU.Build.0 = Release|Any CPU
		{F31AC2D8-2736-E9FA-D220-1F72C75B80B9}.Debug|Any CPU.ActiveCfg = Debug|Any CPU
		{F31AC2D8-2736-E9FA-D220-1F72C75B80B9}.Debug|Any CPU.Build.0 = Debug|Any CPU
		{F31AC2D8-2736-E9FA-D220-1F72C75B80B9}.Release|Any CPU.ActiveCfg = Release|Any CPU
		{F31AC2D8-2736-E9FA-D220-1F72C75B80B9}.Release|Any CPU.Build.0 = Release|Any CPU
		{66874634-51A9-7849-8F2A-522F56D2BDF8}.Debug|Any CPU.ActiveCfg = Debug|Any CPU
		{66874634-51A9-7849-8F2A-522F56D2BDF8}.Debug|Any CPU.Build.0 = Debug|Any CPU
		{66874634-51A9-7849-8F2A-522F56D2BDF8}.Release|Any CPU.ActiveCfg = Release|Any CPU
		{66874634-51A9-7849-8F2A-522F56D2BDF8}.Release|Any CPU.Build.0 = Release|Any CPU
		{6A4AD664-C376-198B-A81C-847B0296DE0B}.Debug|Any CPU.ActiveCfg = Debug|Any CPU
		{6A4AD664-C376-198B-A81C-847B0296DE0B}.Debug|Any CPU.Build.0 = Debug|Any CPU
		{6A4AD664-C376-198B-A81C-847B0296DE0B}.Release|Any CPU.ActiveCfg = Release|Any CPU
		{6A4AD664-C376-198B-A81C-847B0296DE0B}.Release|Any CPU.Build.0 = Release|Any CPU
		{09A720CC-B9F9-17F9-CA15-3EBE95347255}.Debug|Any CPU.ActiveCfg = Debug|Any CPU
		{09A720CC-B9F9-17F9-CA15-3EBE95347255}.Debug|Any CPU.Build.0 = Debug|Any CPU
		{09A720CC-B9F9-17F9-CA15-3EBE95347255}.Release|Any CPU.ActiveCfg = Release|Any CPU
		{09A720CC-B9F9-17F9-CA15-3EBE95347255}.Release|Any CPU.Build.0 = Release|Any CPU
		{2DC70D1B-36B5-336D-CC2A-E848A09185FC}.Debug|Any CPU.ActiveCfg = Debug|Any CPU
		{2DC70D1B-36B5-336D-CC2A-E848A09185FC}.Debug|Any CPU.Build.0 = Debug|Any CPU
		{2DC70D1B-36B5-336D-CC2A-E848A09185FC}.Release|Any CPU.ActiveCfg = Release|Any CPU
		{2DC70D1B-36B5-336D-CC2A-E848A09185FC}.Release|Any CPU.Build.0 = Release|Any CPU
		{80BF80C8-9D74-C37A-3D68-382FDD7C8B19}.Debug|Any CPU.ActiveCfg = Debug|Any CPU
		{80BF80C8-9D74-C37A-3D68-382FDD7C8B19}.Debug|Any CPU.Build.0 = Debug|Any CPU
		{80BF80C8-9D74-C37A-3D68-382FDD7C8B19}.Release|Any CPU.ActiveCfg = Release|Any CPU
		{80BF80C8-9D74-C37A-3D68-382FDD7C8B19}.Release|Any CPU.Build.0 = Release|Any CPU
		{E0D6013B-8A69-AA83-52FF-F63F17D4FE27}.Debug|Any CPU.ActiveCfg = Debug|Any CPU
		{E0D6013B-8A69-AA83-52FF-F63F17D4FE27}.Debug|Any CPU.Build.0 = Debug|Any CPU
		{E0D6013B-8A69-AA83-52FF-F63F17D4FE27}.Release|Any CPU.ActiveCfg = Release|Any CPU
		{E0D6013B-8A69-AA83-52FF-F63F17D4FE27}.Release|Any CPU.Build.0 = Release|Any CPU
		{687402EE-EE18-D2C1-241A-34D007DBF9A9}.Debug|Any CPU.ActiveCfg = Debug|Any CPU
		{687402EE-EE18-D2C1-241A-34D007DBF9A9}.Debug|Any CPU.Build.0 = Debug|Any CPU
		{687402EE-EE18-D2C1-241A-34D007DBF9A9}.Release|Any CPU.ActiveCfg = Release|Any CPU
		{687402EE-EE18-D2C1-241A-34D007DBF9A9}.Release|Any CPU.Build.0 = Release|Any CPU
		{339A60A7-DAD3-285D-7A7D-4670AA751343}.Debug|Any CPU.ActiveCfg = Debug|Any CPU
		{339A60A7-DAD3-285D-7A7D-4670AA751343}.Debug|Any CPU.Build.0 = Debug|Any CPU
		{339A60A7-DAD3-285D-7A7D-4670AA751343}.Release|Any CPU.ActiveCfg = Release|Any CPU
		{339A60A7-DAD3-285D-7A7D-4670AA751343}.Release|Any CPU.Build.0 = Release|Any CPU
		{875AFCC7-BEA5-402B-6D1E-4E0F66F727CC}.Debug|Any CPU.ActiveCfg = Debug|Any CPU
		{875AFCC7-BEA5-402B-6D1E-4E0F66F727CC}.Debug|Any CPU.Build.0 = Debug|Any CPU
		{875AFCC7-BEA5-402B-6D1E-4E0F66F727CC}.Release|Any CPU.ActiveCfg = Release|Any CPU
		{875AFCC7-BEA5-402B-6D1E-4E0F66F727CC}.Release|Any CPU.Build.0 = Release|Any CPU
		{2025EDA2-CA9A-E53D-1F0D-5A36BB690B52}.Debug|Any CPU.ActiveCfg = Debug|Any CPU
		{2025EDA2-CA9A-E53D-1F0D-5A36BB690B52}.Debug|Any CPU.Build.0 = Debug|Any CPU
		{2025EDA2-CA9A-E53D-1F0D-5A36BB690B52}.Release|Any CPU.ActiveCfg = Release|Any CPU
		{2025EDA2-CA9A-E53D-1F0D-5A36BB690B52}.Release|Any CPU.Build.0 = Release|Any CPU
		{F837B183-777B-3C23-12BB-B15ED1910CA3}.Debug|Any CPU.ActiveCfg = Debug|Any CPU
		{F837B183-777B-3C23-12BB-B15ED1910CA3}.Debug|Any CPU.Build.0 = Debug|Any CPU
		{F837B183-777B-3C23-12BB-B15ED1910CA3}.Release|Any CPU.ActiveCfg = Release|Any CPU
		{F837B183-777B-3C23-12BB-B15ED1910CA3}.Release|Any CPU.Build.0 = Release|Any CPU
		{F703A155-1C0F-0159-2E5E-E1750CBB8140}.Debug|Any CPU.ActiveCfg = Debug|Any CPU
		{F703A155-1C0F-0159-2E5E-E1750CBB8140}.Debug|Any CPU.Build.0 = Debug|Any CPU
		{F703A155-1C0F-0159-2E5E-E1750CBB8140}.Release|Any CPU.ActiveCfg = Release|Any CPU
		{F703A155-1C0F-0159-2E5E-E1750CBB8140}.Release|Any CPU.Build.0 = Release|Any CPU
		{11AA5596-B348-C3E8-2647-2FF86D1AE3C3}.Debug|Any CPU.ActiveCfg = Debug|Any CPU
		{11AA5596-B348-C3E8-2647-2FF86D1AE3C3}.Debug|Any CPU.Build.0 = Debug|Any CPU
		{11AA5596-B348-C3E8-2647-2FF86D1AE3C3}.Release|Any CPU.ActiveCfg = Release|Any CPU
		{11AA5596-B348-C3E8-2647-2FF86D1AE3C3}.Release|Any CPU.Build.0 = Release|Any CPU
		{B2A49A8A-4B9F-E16B-03EC-399818850D83}.Debug|Any CPU.ActiveCfg = Debug|Any CPU
		{B2A49A8A-4B9F-E16B-03EC-399818850D83}.Debug|Any CPU.Build.0 = Debug|Any CPU
		{B2A49A8A-4B9F-E16B-03EC-399818850D83}.Release|Any CPU.ActiveCfg = Release|Any CPU
		{B2A49A8A-4B9F-E16B-03EC-399818850D83}.Release|Any CPU.Build.0 = Release|Any CPU
	EndGlobalSection
	GlobalSection(SolutionProperties) = preSolution
		HideSolutionNode = FALSE
	EndGlobalSection
EndGlobal
