
Microsoft Visual Studio Solution File, Format Version 12.00
# Visual Studio 15
Project("{FAE04EC0-301F-11D3-BF4B-00C04F79EFBC}") = "SteamVR", "SteamVR.csproj", "{E058596E-40B1-FEC4-C37F-08E82A682683}"
EndProject
Project("{FAE04EC0-301F-11D3-BF4B-00C04F79EFBC}") = "SteamVR_Actions", "SteamVR_Actions.csproj", "{D47F499E-6101-4020-DA7D-C8AAB5CDB76F}"
EndProject
Project("{FAE04EC0-301F-11D3-BF4B-00C04F79EFBC}") = "Assembly-CSharp", "Assembly-CSharp.csproj", "{C7D23381-6411-9978-F1F3-194F77F6A4A3}"
EndProject
Project("{FAE04EC0-301F-11D3-BF4B-00C04F79EFBC}") = "SteamVR_Editor", "SteamVR_Editor.csproj", "{510B4ADB-F646-0C4D-3251-BCA386F29B71}"
EndProject
Project("{FAE04EC0-301F-11D3-BF4B-00C04F79EFBC}") = "SteamVR_Input_Editor", "SteamVR_Input_Editor.csproj", "{48BCEADA-29B7-BBEC-E0EE-2841FDFA6ACA}"
EndProject
Project("{FAE04EC0-301F-11D3-BF4B-00C04F79EFBC}") = "SteamVR_Windows_EditorHelper", "SteamVR_Windows_EditorHelper.csproj", "{5613C150-3281-D8F1-2300-98DBBCA018F0}"
EndProject
Global
	GlobalSection(SolutionConfigurationPlatforms) = preSolution
		Debug|Any CPU = Debug|Any CPU
		Release|Any CPU = Release|Any CPU
	EndGlobalSection
	GlobalSection(ProjectConfigurationPlatforms) = postSolution
		{E058596E-40B1-FEC4-C37F-08E82A682683}.Debug|Any CPU.ActiveCfg = Debug|Any CPU
		{E058596E-40B1-FEC4-C37F-08E82A682683}.Debug|Any CPU.Build.0 = Debug|Any CPU
		{E058596E-40B1-FEC4-C37F-08E82A682683}.Release|Any CPU.ActiveCfg = Release|Any CPU
		{E058596E-40B1-FEC4-C37F-08E82A682683}.Release|Any CPU.Build.0 = Release|Any CPU
		{D47F499E-6101-4020-DA7D-C8AAB5CDB76F}.Debug|Any CPU.ActiveCfg = Debug|Any CPU
		{D47F499E-6101-4020-DA7D-C8AAB5CDB76F}.Debug|Any CPU.Build.0 = Debug|Any CPU
		{D47F499E-6101-4020-DA7D-C8AAB5CDB76F}.Release|Any CPU.ActiveCfg = Release|Any CPU
		{D47F499E-6101-4020-DA7D-C8AAB5CDB76F}.Release|Any CPU.Build.0 = Release|Any CPU
		{C7D23381-6411-9978-F1F3-194F77F6A4A3}.Debug|Any CPU.ActiveCfg = Debug|Any CPU
		{C7D23381-6411-9978-F1F3-194F77F6A4A3}.Debug|Any CPU.Build.0 = Debug|Any CPU
		{C7D23381-6411-9978-F1F3-194F77F6A4A3}.Release|Any CPU.ActiveCfg = Release|Any CPU
		{C7D23381-6411-9978-F1F3-194F77F6A4A3}.Release|Any CPU.Build.0 = Release|Any CPU
		{510B4ADB-F646-0C4D-3251-BCA386F29B71}.Debug|Any CPU.ActiveCfg = Debug|Any CPU
		{510B4ADB-F646-0C4D-3251-BCA386F29B71}.Debug|Any CPU.Build.0 = Debug|Any CPU
		{510B4ADB-F646-0C4D-3251-BCA386F29B71}.Release|Any CPU.ActiveCfg = Release|Any CPU
		{510B4ADB-F646-0C4D-3251-BCA386F29B71}.Release|Any CPU.Build.0 = Release|Any CPU
		{48BCEADA-29B7-BBEC-E0EE-2841FDFA6ACA}.Debug|Any CPU.ActiveCfg = Debug|Any CPU
		{48BCEADA-29B7-BBEC-E0EE-2841FDFA6ACA}.Debug|Any CPU.Build.0 = Debug|Any CPU
		{48BCEADA-29B7-BBEC-E0EE-2841FDFA6ACA}.Release|Any CPU.ActiveCfg = Release|Any CPU
		{48BCEADA-29B7-BBEC-E0EE-2841FDFA6ACA}.Release|Any CPU.Build.0 = Release|Any CPU
		{5613C150-3281-D8F1-2300-98DBBCA018F0}.Debug|Any CPU.ActiveCfg = Debug|Any CPU
		{5613C150-3281-D8F1-2300-98DBBCA018F0}.Debug|Any CPU.Build.0 = Debug|Any CPU
		{5613C150-3281-D8F1-2300-98DBBCA018F0}.Release|Any CPU.ActiveCfg = Release|Any CPU
		{5613C150-3281-D8F1-2300-98DBBCA018F0}.Release|Any CPU.Build.0 = Release|Any CPU
	EndGlobalSection
	GlobalSection(SolutionProperties) = preSolution
		HideSolutionNode = FALSE
	EndGlobalSection
EndGlobal
